
Microsoft Visual Studio Solution File, Format Version 12.00
# Visual Studio Version 17
VisualStudioVersion = 17.7.34031.279
MinimumVisualStudioVersion = 10.0.40219.1
Project("{9A19103F-16F7-4668-BE54-9A1E7A4F7556}") = "ShopOnline.Web", "ShopOnline.Web\ShopOnline.Web.csproj", "{1AA6DC73-52E2-4E4A-8B21-0F2315E19664}"
EndProject
Project("{9A19103F-16F7-4668-BE54-9A1E7A4F7556}") = "ShopOnline.Api", "ShopOnline.Api\ShopOnline.Api.csproj", "{28FAEAC2-5A0C-467D-89E5-60D152814DF4}"
EndProject
Project("{9A19103F-16F7-4668-BE54-9A1E7A4F7556}") = "ShopOnline.Models", "ShopOnline.Models\ShopOnline.Models.csproj", "{7343C0D1-4AE7-4D2B-B40A-EC31575B25A1}"
EndProject
Global
	GlobalSection(SolutionConfigurationPlatforms) = preSolution
		Debug|Any CPU = Debug|Any CPU
		Release|Any CPU = Release|Any CPU
	EndGlobalSection
	GlobalSection(ProjectConfigurationPlatforms) = postSolution
		{1AA6DC73-52E2-4E4A-8B21-0F2315E19664}.Debug|Any CPU.ActiveCfg = Debug|Any CPU
		{1AA6DC73-52E2-4E4A-8B21-0F2315E19664}.Debug|Any CPU.Build.0 = Debug|Any CPU
		{1AA6DC73-52E2-4E4A-8B21-0F2315E19664}.Release|Any CPU.ActiveCfg = Release|Any CPU
		{1AA6DC73-52E2-4E4A-8B21-0F2315E19664}.Release|Any CPU.Build.0 = Release|Any CPU
		{28FAEAC2-5A0C-467D-89E5-60D152814DF4}.Debug|Any CPU.ActiveCfg = Debug|Any CPU
		{28FAEAC2-5A0C-467D-89E5-60D152814DF4}.Debug|Any CPU.Build.0 = Debug|Any CPU
		{28FAEAC2-5A0C-467D-89E5-60D152814DF4}.Release|Any CPU.ActiveCfg = Release|Any CPU
		{28FAEAC2-5A0C-467D-89E5-60D152814DF4}.Release|Any CPU.Build.0 = Release|Any CPU
		{7343C0D1-4AE7-4D2B-B40A-EC31575B25A1}.Debug|Any CPU.ActiveCfg = Debug|Any CPU
		{7343C0D1-4AE7-4D2B-B40A-EC31575B25A1}.Debug|Any CPU.Build.0 = Debug|Any CPU
		{7343C0D1-4AE7-4D2B-B40A-EC31575B25A1}.Release|Any CPU.ActiveCfg = Release|Any CPU
		{7343C0D1-4AE7-4D2B-B40A-EC31575B25A1}.Release|Any CPU.Build.0 = Release|Any CPU
	EndGlobalSection
	GlobalSection(SolutionProperties) = preSolution
		HideSolutionNode = FALSE
	EndGlobalSection
	GlobalSection(ExtensibilityGlobals) = postSolution
		SolutionGuid = {FDE12C95-DDF9-4F81-AB1F-1FDC9B715659}
	EndGlobalSection
EndGlobal
